// !$*UTF8*$!
{
	archiveVersion = 1;
	classes = {
	};
	objectVersion = 48;
	objects = {

/* Begin PBXBuildFile section */
		131BEC25206129650075CA8F /* GitHubAPI.swift in Sources */ = {isa = PBXBuildFile; fileRef = 131BEC24206129650075CA8F /* GitHubAPI.swift */; };
		13835774205E7E660029BEE6 /* GitHubClientError.swift in Sources */ = {isa = PBXBuildFile; fileRef = 13835773205E7E660029BEE6 /* GitHubClientError.swift */; };
		13835776205E7F400029BEE6 /* GitHubAPIError.swift in Sources */ = {isa = PBXBuildFile; fileRef = 13835775205E7F400029BEE6 /* GitHubAPIError.swift */; };
		13835778205E830E0029BEE6 /* GitHubRequest.swift in Sources */ = {isa = PBXBuildFile; fileRef = 13835777205E830E0029BEE6 /* GitHubRequest.swift */; };
		1383577A205E84E40029BEE6 /* HTTPMethod.swift in Sources */ = {isa = PBXBuildFile; fileRef = 13835779205E84E40029BEE6 /* HTTPMethod.swift */; };
		138D5C8B206FA6320058219E /* GitHubClient.swift in Sources */ = {isa = PBXBuildFile; fileRef = 138D5C8A206FA6320058219E /* GitHubClient.swift */; };
		138D5C8D206FAB670058219E /* Result.swift in Sources */ = {isa = PBXBuildFile; fileRef = 138D5C8C206FAB670058219E /* Result.swift */; };
		1398BDCE208C445100FA493E /* Debag.swift in Sources */ = {isa = PBXBuildFile; fileRef = 1398BDCD208C445100FA493E /* Debag.swift */; };
		13E88201205E0736002C0367 /* main.swift in Sources */ = {isa = PBXBuildFile; fileRef = 13E88200205E0736002C0367 /* main.swift */; };
		13E88208205E07C6002C0367 /* User.swift in Sources */ = {isa = PBXBuildFile; fileRef = 13E88207205E07C6002C0367 /* User.swift */; };
		13E8820A205E08F7002C0367 /* Repository.swift in Sources */ = {isa = PBXBuildFile; fileRef = 13E88209205E08F7002C0367 /* Repository.swift */; };
		13E8820C205E0973002C0367 /* JSONDecodeError.swift in Sources */ = {isa = PBXBuildFile; fileRef = 13E8820B205E0973002C0367 /* JSONDecodeError.swift */; };
		13E8820E205E21DC002C0367 /* SearchResponse.swift in Sources */ = {isa = PBXBuildFile; fileRef = 13E8820D205E21DC002C0367 /* SearchResponse.swift */; };
/* End PBXBuildFile section */

/* Begin PBXCopyFilesBuildPhase section */
		13E881FB205E0736002C0367 /* CopyFiles */ = {
			isa = PBXCopyFilesBuildPhase;
			buildActionMask = 2147483647;
			dstPath = /usr/share/man/man1/;
			dstSubfolderSpec = 0;
			files = (
			);
			runOnlyForDeploymentPostprocessing = 1;
		};
/* End PBXCopyFilesBuildPhase section */

/* Begin PBXFileReference section */
		131BEC24206129650075CA8F /* GitHubAPI.swift */ = {isa = PBXFileReference; lastKnownFileType = sourcecode.swift; path = GitHubAPI.swift; sourceTree = "<group>"; };
		13835773205E7E660029BEE6 /* GitHubClientError.swift */ = {isa = PBXFileReference; fileEncoding = 4; lastKnownFileType = sourcecode.swift; path = GitHubClientError.swift; sourceTree = "<group>"; };
		13835775205E7F400029BEE6 /* GitHubAPIError.swift */ = {isa = PBXFileReference; lastKnownFileType = sourcecode.swift; path = GitHubAPIError.swift; sourceTree = "<group>"; };
		13835777205E830E0029BEE6 /* GitHubRequest.swift */ = {isa = PBXFileReference; lastKnownFileType = sourcecode.swift; path = GitHubRequest.swift; sourceTree = "<group>"; };
		13835779205E84E40029BEE6 /* HTTPMethod.swift */ = {isa = PBXFileReference; lastKnownFileType = sourcecode.swift; path = HTTPMethod.swift; sourceTree = "<group>"; };
		138D5C8A206FA6320058219E /* GitHubClient.swift */ = {isa = PBXFileReference; lastKnownFileType = sourcecode.swift; path = GitHubClient.swift; sourceTree = "<group>"; };
		138D5C8C206FAB670058219E /* Result.swift */ = {isa = PBXFileReference; lastKnownFileType = sourcecode.swift; path = Result.swift; sourceTree = "<group>"; };
		1398BDCD208C445100FA493E /* Debag.swift */ = {isa = PBXFileReference; lastKnownFileType = sourcecode.swift; path = Debag.swift; sourceTree = "<group>"; };
		13E881FD205E0736002C0367 /* GitHubSearchRepository */ = {isa = PBXFileReference; explicitFileType = "compiled.mach-o.executable"; includeInIndex = 0; path = GitHubSearchRepository; sourceTree = BUILT_PRODUCTS_DIR; };
		13E88200205E0736002C0367 /* main.swift */ = {isa = PBXFileReference; lastKnownFileType = sourcecode.swift; path = main.swift; sourceTree = "<group>"; };
		13E88207205E07C6002C0367 /* User.swift */ = {isa = PBXFileReference; lastKnownFileType = sourcecode.swift; path = User.swift; sourceTree = "<group>"; };
		13E88209205E08F7002C0367 /* Repository.swift */ = {isa = PBXFileReference; lastKnownFileType = sourcecode.swift; path = Repository.swift; sourceTree = "<group>"; };
		13E8820B205E0973002C0367 /* JSONDecodeError.swift */ = {isa = PBXFileReference; lastKnownFileType = sourcecode.swift; path = JSONDecodeError.swift; sourceTree = "<group>"; };
		13E8820D205E21DC002C0367 /* SearchResponse.swift */ = {isa = PBXFileReference; lastKnownFileType = sourcecode.swift; path = SearchResponse.swift; sourceTree = "<group>"; };
/* End PBXFileReference section */

/* Begin PBXFrameworksBuildPhase section */
		13E881FA205E0736002C0367 /* Frameworks */ = {
			isa = PBXFrameworksBuildPhase;
			buildActionMask = 2147483647;
			files = (
			);
			runOnlyForDeploymentPostprocessing = 0;
		};
/* End PBXFrameworksBuildPhase section */

/* Begin PBXGroup section */
		13E881F4205E0735002C0367 = {
			isa = PBXGroup;
			children = (
				13E881FF205E0736002C0367 /* GitHubSearchRepository */,
				13E881FE205E0736002C0367 /* Products */,
			);
			sourceTree = "<group>";
		};
		13E881FE205E0736002C0367 /* Products */ = {
			isa = PBXGroup;
			children = (
				13E881FD205E0736002C0367 /* GitHubSearchRepository */,
			);
			name = Products;
			sourceTree = "<group>";
		};
		13E881FF205E0736002C0367 /* GitHubSearchRepository */ = {
			isa = PBXGroup;
			children = (
				13E88200205E0736002C0367 /* main.swift */,
				13E8820B205E0973002C0367 /* JSONDecodeError.swift */,
				13E88207205E07C6002C0367 /* User.swift */,
				13E88209205E08F7002C0367 /* Repository.swift */,
				13E8820D205E21DC002C0367 /* SearchResponse.swift */,
				13835773205E7E660029BEE6 /* GitHubClientError.swift */,
				13835775205E7F400029BEE6 /* GitHubAPIError.swift */,
				13835777205E830E0029BEE6 /* GitHubRequest.swift */,
				138D5C8A206FA6320058219E /* GitHubClient.swift */,
				138D5C8C206FAB670058219E /* Result.swift */,
				131BEC24206129650075CA8F /* GitHubAPI.swift */,
				13835779205E84E40029BEE6 /* HTTPMethod.swift */,
				1398BDCD208C445100FA493E /* Debag.swift */,
			);
			path = GitHubSearchRepository;
			sourceTree = "<group>";
		};
/* End PBXGroup section */

/* Begin PBXNativeTarget section */
		13E881FC205E0736002C0367 /* GitHubSearchRepository */ = {
			isa = PBXNativeTarget;
			buildConfigurationList = 13E88204205E0736002C0367 /* Build configuration list for PBXNativeTarget "GitHubSearchRepository" */;
			buildPhases = (
				13E881F9205E0736002C0367 /* Sources */,
				13E881FA205E0736002C0367 /* Frameworks */,
				13E881FB205E0736002C0367 /* CopyFiles */,
			);
			buildRules = (
			);
			dependencies = (
			);
			name = GitHubSearchRepository;
			productName = GitHubSearchRepository;
			productReference = 13E881FD205E0736002C0367 /* GitHubSearchRepository */;
			productType = "com.apple.product-type.tool";
		};
/* End PBXNativeTarget section */

/* Begin PBXProject section */
		13E881F5205E0736002C0367 /* Project object */ = {
			isa = PBXProject;
			attributes = {
				LastSwiftUpdateCheck = 0920;
				LastUpgradeCheck = 0930;
				ORGANIZATIONNAME = Yuta.S;
				TargetAttributes = {
					13E881FC205E0736002C0367 = {
						CreatedOnToolsVersion = 9.2;
						ProvisioningStyle = Automatic;
					};
				};
			};
			buildConfigurationList = 13E881F8205E0736002C0367 /* Build configuration list for PBXProject "GitHubSearchRepository" */;
			compatibilityVersion = "Xcode 8.0";
			developmentRegion = en;
			hasScannedForEncodings = 0;
			knownRegions = (
				en,
			);
			mainGroup = 13E881F4205E0735002C0367;
			productRefGroup = 13E881FE205E0736002C0367 /* Products */;
			projectDirPath = "";
			projectRoot = "";
			targets = (
				13E881FC205E0736002C0367 /* GitHubSearchRepository */,
			);
		};
/* End PBXProject section */

/* Begin PBXSourcesBuildPhase section */
		13E881F9205E0736002C0367 /* Sources */ = {
			isa = PBXSourcesBuildPhase;
			buildActionMask = 2147483647;
			files = (
				13835774205E7E660029BEE6 /* GitHubClientError.swift in Sources */,
				1398BDCE208C445100FA493E /* Debag.swift in Sources */,
				13835776205E7F400029BEE6 /* GitHubAPIError.swift in Sources */,
				13835778205E830E0029BEE6 /* GitHubRequest.swift in Sources */,
				131BEC25206129650075CA8F /* GitHubAPI.swift in Sources */,
				13E8820C205E0973002C0367 /* JSONDecodeError.swift in Sources */,
				13E8820E205E21DC002C0367 /* SearchResponse.swift in Sources */,
				138D5C8D206FAB670058219E /* Result.swift in Sources */,
				1383577A205E84E40029BEE6 /* HTTPMethod.swift in Sources */,
				138D5C8B206FA6320058219E /* GitHubClient.swift in Sources */,
				13E88201205E0736002C0367 /* main.swift in Sources */,
				13E88208205E07C6002C0367 /* User.swift in Sources */,
				13E8820A205E08F7002C0367 /* Repository.swift in Sources */,
			);
			runOnlyForDeploymentPostprocessing = 0;
		};
/* End PBXSourcesBuildPhase section */

/* Begin XCBuildConfiguration section */
		13E88202205E0736002C0367 /* Debug */ = {
			isa = XCBuildConfiguration;
			buildSettings = {
				ALWAYS_SEARCH_USER_PATHS = NO;
				CLANG_ANALYZER_NONNULL = YES;
				CLANG_ANALYZER_NUMBER_OBJECT_CONVERSION = YES_AGGRESSIVE;
				CLANG_CXX_LANGUAGE_STANDARD = "gnu++14";
				CLANG_CXX_LIBRARY = "libc++";
				CLANG_ENABLE_MODULES = YES;
				CLANG_ENABLE_OBJC_ARC = YES;
				CLANG_WARN_BLOCK_CAPTURE_AUTORELEASING = YES;
				CLANG_WARN_BOOL_CONVERSION = YES;
				CLANG_WARN_COMMA = YES;
				CLANG_WARN_CONSTANT_CONVERSION = YES;
				CLANG_WARN_DEPRECATED_OBJC_IMPLEMENTATIONS = YES;
				CLANG_WARN_DIRECT_OBJC_ISA_USAGE = YES_ERROR;
				CLANG_WARN_DOCUMENTATION_COMMENTS = YES;
				CLANG_WARN_EMPTY_BODY = YES;
				CLANG_WARN_ENUM_CONVERSION = YES;
				CLANG_WARN_INFINITE_RECURSION = YES;
				CLANG_WARN_INT_CONVERSION = YES;
				CLANG_WARN_NON_LITERAL_NULL_CONVERSION = YES;
				CLANG_WARN_OBJC_IMPLICIT_RETAIN_SELF = YES;
				CLANG_WARN_OBJC_LITERAL_CONVERSION = YES;
				CLANG_WARN_OBJC_ROOT_CLASS = YES_ERROR;
				CLANG_WARN_RANGE_LOOP_ANALYSIS = YES;
				CLANG_WARN_STRICT_PROTOTYPES = YES;
				CLANG_WARN_SUSPICIOUS_MOVE = YES;
				CLANG_WARN_UNGUARDED_AVAILABILITY = YES_AGGRESSIVE;
				CLANG_WARN_UNREACHABLE_CODE = YES;
				CLANG_WARN__DUPLICATE_METHOD_MATCH = YES;
				CODE_SIGN_IDENTITY = "-";
				COPY_PHASE_STRIP = NO;
				DEBUG_INFORMATION_FORMAT = dwarf;
				ENABLE_STRICT_OBJC_MSGSEND = YES;
				ENABLE_TESTABILITY = YES;
				GCC_C_LANGUAGE_STANDARD = gnu11;
				GCC_DYNAMIC_NO_PIC = NO;
				GCC_NO_COMMON_BLOCKS = YES;
				GCC_OPTIMIZATION_LEVEL = 0;
				GCC_PREPROCESSOR_DEFINITIONS = (
					"DEBUG=1",
					"$(inherited)",
				);
				GCC_WARN_64_TO_32_BIT_CONVERSION = YES;
				GCC_WARN_ABOUT_RETURN_TYPE = YES_ERROR;
				GCC_WARN_UNDECLARED_SELECTOR = YES;
				GCC_WARN_UNINITIALIZED_AUTOS = YES_AGGRESSIVE;
				GCC_WARN_UNUSED_FUNCTION = YES;
				GCC_WARN_UNUSED_VARIABLE = YES;
				MACOSX_DEPLOYMENT_TARGET = 10.13;
				MTL_ENABLE_DEBUG_INFO = YES;
				ONLY_ACTIVE_ARCH = YES;
				SDKROOT = macosx;
				SWIFT_ACTIVE_COMPILATION_CONDITIONS = DEBUG;
				SWIFT_OPTIMIZATION_LEVEL = "-Onone";
			};
			name = Debug;
		};
		13E88203205E0736002C0367 /* Release */ = {
			isa = XCBuildConfiguration;
			buildSettings = {
				ALWAYS_SEARCH_USER_PATHS = NO;
				CLANG_ANALYZER_NONNULL = YES;
				CLANG_ANALYZER_NUMBER_OBJECT_CONVERSION = YES_AGGRESSIVE;
				CLANG_CXX_LANGUAGE_STANDARD = "gnu++14";
				CLANG_CXX_LIBRARY = "libc++";
				CLANG_ENABLE_MODULES = YES;
				CLANG_ENABLE_OBJC_ARC = YES;
				CLANG_WARN_BLOCK_CAPTURE_AUTORELEASING = YES;
				CLANG_WARN_BOOL_CONVERSION = YES;
				CLANG_WARN_COMMA = YES;
				CLANG_WARN_CONSTANT_CONVERSION = YES;
				CLANG_WARN_DEPRECATED_OBJC_IMPLEMENTATIONS = YES;
				CLANG_WARN_DIRECT_OBJC_ISA_USAGE = YES_ERROR;
				CLANG_WARN_DOCUMENTATION_COMMENTS = YES;
				CLANG_WARN_EMPTY_BODY = YES;
				CLANG_WARN_ENUM_CONVERSION = YES;
				CLANG_WARN_INFINITE_RECURSION = YES;
				CLANG_WARN_INT_CONVERSION = YES;
				CLANG_WARN_NON_LITERAL_NULL_CONVERSION = YES;
				CLANG_WARN_OBJC_IMPLICIT_RETAIN_SELF = YES;
				CLANG_WARN_OBJC_LITERAL_CONVERSION = YES;
				CLANG_WARN_OBJC_ROOT_CLASS = YES_ERROR;
				CLANG_WARN_RANGE_LOOP_ANALYSIS = YES;
				CLANG_WARN_STRICT_PROTOTYPES = YES;
				CLANG_WARN_SUSPICIOUS_MOVE = YES;
				CLANG_WARN_UNGUARDED_AVAILABILITY = YES_AGGRESSIVE;
				CLANG_WARN_UNREACHABLE_CODE = YES;
				CLANG_WARN__DUPLICATE_METHOD_MATCH = YES;
				CODE_SIGN_IDENTITY = "-";
				COPY_PHASE_STRIP = NO;
				DEBUG_INFORMATION_FORMAT = "dwarf-with-dsym";
				ENABLE_NS_ASSERTIONS = NO;
				ENABLE_STRICT_OBJC_MSGSEND = YES;
				GCC_C_LANGUAGE_STANDARD = gnu11;
				GCC_NO_COMMON_BLOCKS = YES;
				GCC_WARN_64_TO_32_BIT_CONVERSION = YES;
				GCC_WARN_ABOUT_RETURN_TYPE = YES_ERROR;
				GCC_WARN_UNDECLARED_SELECTOR = YES;
				GCC_WARN_UNINITIALIZED_AUTOS = YES_AGGRESSIVE;
				GCC_WARN_UNUSED_FUNCTION = YES;
				GCC_WARN_UNUSED_VARIABLE = YES;
				MACOSX_DEPLOYMENT_TARGET = 10.13;
				MTL_ENABLE_DEBUG_INFO = NO;
				SDKROOT = macosx;
				SWIFT_OPTIMIZATION_LEVEL = "-Owholemodule";
			};
			name = Release;
		};
		13E88205205E0736002C0367 /* Debug */ = {
			isa = XCBuildConfiguration;
			buildSettings = {
				CODE_SIGN_STYLE = Automatic;
				PRODUCT_NAME = "$(TARGET_NAME)";
				SWIFT_VERSION = 4.0;
			};
			name = Debug;
		};
		13E88206205E0736002C0367 /* Release */ = {
			isa = XCBuildConfiguration;
			buildSettings = {
				CODE_SIGN_STYLE = Automatic;
				PRODUCT_NAME = "$(TARGET_NAME)";
				SWIFT_VERSION = 4.0;
			};
			name = Release;
		};
/* End XCBuildConfiguration section */

/* Begin XCConfigurationList section */
		13E881F8205E0736002C0367 /* Build configuration list for PBXProject "GitHubSearchRepository" */ = {
			isa = XCConfigurationList;
			buildConfigurations = (
				13E88202205E0736002C0367 /* Debug */,
				13E88203205E0736002C0367 /* Release */,
			);
			defaultConfigurationIsVisible = 0;
			defaultConfigurationName = Release;
		};
		13E88204205E0736002C0367 /* Build configuration list for PBXNativeTarget "GitHubSearchRepository" */ = {
			isa = XCConfigurationList;
			buildConfigurations = (
				13E88205205E0736002C0367 /* Debug */,
				13E88206205E0736002C0367 /* Release */,
			);
			defaultConfigurationIsVisible = 0;
			defaultConfigurationName = Release;
		};
/* End XCConfigurationList section */
	};
	rootObject = 13E881F5205E0736002C0367 /* Project object */;
}
